
Microsoft Visual Studio Solution File, Format Version 12.00
# Visual Studio Version 17
VisualStudioVersion = 17.0.31903.59
MinimumVisualStudioVersion = 10.0.40219.1
Project("{2150E333-8FDC-42A3-9474-1A3956D46DE8}") = "src", "src", "{9165259C-B744-4B11-92E8-C77DC7211E34}"
EndProject
Project("{FAE04EC0-301F-11D3-BF4B-00C04F79EFBC}") = "Orion.Core", "src\Orion.Core\Orion.Core.csproj", "{E2EFE61B-05D3-498B-8747-946471E6CA4C}"
EndProject
Global
	GlobalSection(SolutionConfigurationPlatforms) = preSolution
		Debug|Any CPU = Debug|Any CPU
		Release|Any CPU = Release|Any CPU
	EndGlobalSection
	GlobalSection(SolutionProperties) = preSolution
		HideSolutionNode = FALSE
	EndGlobalSection
	GlobalSection(ProjectConfigurationPlatforms) = postSolution
		{E2EFE61B-05D3-498B-8747-946471E6CA4C}.Debug|Any CPU.ActiveCfg = Debug|Any CPU
		{E2EFE61B-05D3-498B-8747-946471E6CA4C}.Debug|Any CPU.Build.0 = Debug|Any CPU
		{E2EFE61B-05D3-498B-8747-946471E6CA4C}.Release|Any CPU.ActiveCfg = Release|Any CPU
		{E2EFE61B-05D3-498B-8747-946471E6CA4C}.Release|Any CPU.Build.0 = Release|Any CPU
	EndGlobalSection
	GlobalSection(NestedProjects) = preSolution
		{E2EFE61B-05D3-498B-8747-946471E6CA4C} = {9165259C-B744-4B11-92E8-C77DC7211E34}
	EndGlobalSection
EndGlobal
